
Microsoft Visual Studio Solution File, Format Version 12.00
# Visual Studio 2015
Project("{FAE04EC0-301F-11D3-BF4B-00C04F79EFBC}") = "Providence.CSharp.Plugins", "Providence.CSharp.Plugins.csproj", "{E003C1CE-39C1-B1A9-5C1F-694AD9EC8D43}"
EndProject
Project("{FAE04EC0-301F-11D3-BF4B-00C04F79EFBC}") = "Providence.CSharp", "Providence.CSharp.csproj", "{FA377EB9-BD3E-E300-5258-57634F02D273}"
EndProject
Project("{FAE04EC0-301F-11D3-BF4B-00C04F79EFBC}") = "Providence.CSharp.Editor.Plugins", "Providence.CSharp.Editor.Plugins.csproj", "{E62557ED-5CE6-B982-B9CC-37F2E8F0AF93}"
EndProject
Project("{FAE04EC0-301F-11D3-BF4B-00C04F79EFBC}") = "Providence.CSharp.Editor", "Providence.CSharp.Editor.csproj", "{02D6A3CD-FDD0-04F6-DF12-EF445BCE07B0}"
EndProject
Global
	GlobalSection(SolutionConfigurationPlatforms) = preSolution
		Debug|Any CPU = Debug|Any CPU
		Release|Any CPU = Release|Any CPU
	EndGlobalSection
	GlobalSection(ProjectConfigurationPlatforms) = postSolution
		{E003C1CE-39C1-B1A9-5C1F-694AD9EC8D43}.Debug|Any CPU.ActiveCfg = Debug|Any CPU
		{E003C1CE-39C1-B1A9-5C1F-694AD9EC8D43}.Debug|Any CPU.Build.0 = Debug|Any CPU
		{E003C1CE-39C1-B1A9-5C1F-694AD9EC8D43}.Release|Any CPU.ActiveCfg = Release|Any CPU
		{E003C1CE-39C1-B1A9-5C1F-694AD9EC8D43}.Release|Any CPU.Build.0 = Release|Any CPU
		{FA377EB9-BD3E-E300-5258-57634F02D273}.Debug|Any CPU.ActiveCfg = Debug|Any CPU
		{FA377EB9-BD3E-E300-5258-57634F02D273}.Debug|Any CPU.Build.0 = Debug|Any CPU
		{FA377EB9-BD3E-E300-5258-57634F02D273}.Release|Any CPU.ActiveCfg = Release|Any CPU
		{FA377EB9-BD3E-E300-5258-57634F02D273}.Release|Any CPU.Build.0 = Release|Any CPU
		{E62557ED-5CE6-B982-B9CC-37F2E8F0AF93}.Debug|Any CPU.ActiveCfg = Debug|Any CPU
		{E62557ED-5CE6-B982-B9CC-37F2E8F0AF93}.Debug|Any CPU.Build.0 = Debug|Any CPU
		{E62557ED-5CE6-B982-B9CC-37F2E8F0AF93}.Release|Any CPU.ActiveCfg = Release|Any CPU
		{E62557ED-5CE6-B982-B9CC-37F2E8F0AF93}.Release|Any CPU.Build.0 = Release|Any CPU
		{02D6A3CD-FDD0-04F6-DF12-EF445BCE07B0}.Debug|Any CPU.ActiveCfg = Debug|Any CPU
		{02D6A3CD-FDD0-04F6-DF12-EF445BCE07B0}.Debug|Any CPU.Build.0 = Debug|Any CPU
		{02D6A3CD-FDD0-04F6-DF12-EF445BCE07B0}.Release|Any CPU.ActiveCfg = Release|Any CPU
		{02D6A3CD-FDD0-04F6-DF12-EF445BCE07B0}.Release|Any CPU.Build.0 = Release|Any CPU
	EndGlobalSection
	GlobalSection(SolutionProperties) = preSolution
		HideSolutionNode = FALSE
	EndGlobalSection
EndGlobal
